
Microsoft Visual Studio Solution File, Format Version 12.00
# Visual Studio Version 16
VisualStudioVersion = 16.0.30011.22
MinimumVisualStudioVersion = 10.0.40219.1
Project("{9A19103F-16F7-4668-BE54-9A1E7A4F7556}") = "ApplicationFormEvaluator", "ApplicationFormEvaluator\ApplicationFormEvaluator.csproj", "{14EE676A-A61D-42FC-AA76-7E73D9F77417}"
EndProject
Project("{9A19103F-16F7-4668-BE54-9A1E7A4F7556}") = "ApplicationFormEvaluatorML.Model", "ApplicationFormEvaluatorML.Model\ApplicationFormEvaluatorML.Model.csproj", "{0D7EA239-5533-40EC-BA5C-BA17FF2AF34F}"
EndProject
Project("{9A19103F-16F7-4668-BE54-9A1E7A4F7556}") = "ApplicationFormEvaluatorML.ConsoleApp", "ApplicationFormEvaluatorML.ConsoleApp\ApplicationFormEvaluatorML.ConsoleApp.csproj", "{BDB99B69-B112-415A-8A33-6A534700A08A}"
EndProject
Global
	GlobalSection(SolutionConfigurationPlatforms) = preSolution
		Debug|Any CPU = Debug|Any CPU
		Release|Any CPU = Release|Any CPU
	EndGlobalSection
	GlobalSection(ProjectConfigurationPlatforms) = postSolution
		{14EE676A-A61D-42FC-AA76-7E73D9F77417}.Debug|Any CPU.ActiveCfg = Debug|Any CPU
		{14EE676A-A61D-42FC-AA76-7E73D9F77417}.Debug|Any CPU.Build.0 = Debug|Any CPU
		{14EE676A-A61D-42FC-AA76-7E73D9F77417}.Release|Any CPU.ActiveCfg = Release|Any CPU
		{14EE676A-A61D-42FC-AA76-7E73D9F77417}.Release|Any CPU.Build.0 = Release|Any CPU
		{0D7EA239-5533-40EC-BA5C-BA17FF2AF34F}.Debug|Any CPU.ActiveCfg = Debug|Any CPU
		{0D7EA239-5533-40EC-BA5C-BA17FF2AF34F}.Debug|Any CPU.Build.0 = Debug|Any CPU
		{0D7EA239-5533-40EC-BA5C-BA17FF2AF34F}.Release|Any CPU.ActiveCfg = Release|Any CPU
		{0D7EA239-5533-40EC-BA5C-BA17FF2AF34F}.Release|Any CPU.Build.0 = Release|Any CPU
		{BDB99B69-B112-415A-8A33-6A534700A08A}.Debug|Any CPU.ActiveCfg = Debug|Any CPU
		{BDB99B69-B112-415A-8A33-6A534700A08A}.Debug|Any CPU.Build.0 = Debug|Any CPU
		{BDB99B69-B112-415A-8A33-6A534700A08A}.Release|Any CPU.ActiveCfg = Release|Any CPU
		{BDB99B69-B112-415A-8A33-6A534700A08A}.Release|Any CPU.Build.0 = Release|Any CPU
	EndGlobalSection
	GlobalSection(SolutionProperties) = preSolution
		HideSolutionNode = FALSE
	EndGlobalSection
	GlobalSection(ExtensibilityGlobals) = postSolution
		SolutionGuid = {776FCCD7-BF35-4F38-9D82-2CB65E7F6F9B}
	EndGlobalSection
EndGlobal
