
Microsoft Visual Studio Solution File, Format Version 12.00
# Visual Studio Version 16
VisualStudioVersion = 16.0.30011.22
MinimumVisualStudioVersion = 10.0.40219.1
Project("{9A19103F-16F7-4668-BE54-9A1E7A4F7556}") = "ApplicationFormEvaluator", "ApplicationFormEvaluator\ApplicationFormEvaluator.csproj", "{14EE676A-A61D-42FC-AA76-7E73D9F77417}"
EndProject
Project("{9A19103F-16F7-4668-BE54-9A1E7A4F7556}") = "ApplicationFormEvaluatorML.Model", "ApplicationFormEvaluatorML.Model\ApplicationFormEvaluatorML.Model.csproj", "{C9F0D6F7-0472-4559-A7AD-9E20B02AE905}"
EndProject
Project("{9A19103F-16F7-4668-BE54-9A1E7A4F7556}") = "ApplicationFormEvaluatorML.ConsoleApp", "ApplicationFormEvaluatorML.ConsoleApp\ApplicationFormEvaluatorML.ConsoleApp.csproj", "{804ADF8B-2189-4A83-8FF1-8CF2ECA2E8AF}"
EndProject
Global
	GlobalSection(SolutionConfigurationPlatforms) = preSolution
		Debug|Any CPU = Debug|Any CPU
		Release|Any CPU = Release|Any CPU
	EndGlobalSection
	GlobalSection(ProjectConfigurationPlatforms) = postSolution
		{14EE676A-A61D-42FC-AA76-7E73D9F77417}.Debug|Any CPU.ActiveCfg = Debug|Any CPU
		{14EE676A-A61D-42FC-AA76-7E73D9F77417}.Debug|Any CPU.Build.0 = Debug|Any CPU
		{14EE676A-A61D-42FC-AA76-7E73D9F77417}.Release|Any CPU.ActiveCfg = Release|Any CPU
		{14EE676A-A61D-42FC-AA76-7E73D9F77417}.Release|Any CPU.Build.0 = Release|Any CPU
		{C9F0D6F7-0472-4559-A7AD-9E20B02AE905}.Debug|Any CPU.ActiveCfg = Debug|Any CPU
		{C9F0D6F7-0472-4559-A7AD-9E20B02AE905}.Debug|Any CPU.Build.0 = Debug|Any CPU
		{C9F0D6F7-0472-4559-A7AD-9E20B02AE905}.Release|Any CPU.ActiveCfg = Release|Any CPU
		{C9F0D6F7-0472-4559-A7AD-9E20B02AE905}.Release|Any CPU.Build.0 = Release|Any CPU
		{804ADF8B-2189-4A83-8FF1-8CF2ECA2E8AF}.Debug|Any CPU.ActiveCfg = Debug|Any CPU
		{804ADF8B-2189-4A83-8FF1-8CF2ECA2E8AF}.Debug|Any CPU.Build.0 = Debug|Any CPU
		{804ADF8B-2189-4A83-8FF1-8CF2ECA2E8AF}.Release|Any CPU.ActiveCfg = Release|Any CPU
		{804ADF8B-2189-4A83-8FF1-8CF2ECA2E8AF}.Release|Any CPU.Build.0 = Release|Any CPU
	EndGlobalSection
	GlobalSection(SolutionProperties) = preSolution
		HideSolutionNode = FALSE
	EndGlobalSection
	GlobalSection(ExtensibilityGlobals) = postSolution
		SolutionGuid = {776FCCD7-BF35-4F38-9D82-2CB65E7F6F9B}
	EndGlobalSection
EndGlobal
